
Microsoft Visual Studio Solution File, Format Version 12.00
# Visual Studio 2015
Project("{FAE04EC0-301F-11D3-BF4B-00C04F79EFBC}") = "PoisonForest.CSharp.Plugins", "PoisonForest.CSharp.Plugins.csproj", "{6437AC67-B546-16C0-C336-6FC9E986A379}"
EndProject
Project("{FAE04EC0-301F-11D3-BF4B-00C04F79EFBC}") = "PoisonForest.CSharp", "PoisonForest.CSharp.csproj", "{452AA06A-2273-B686-64F5-16A19FB85B00}"
EndProject
Project("{FAE04EC0-301F-11D3-BF4B-00C04F79EFBC}") = "PoisonForest.CSharp.Editor.Plugins", "PoisonForest.CSharp.Editor.Plugins.csproj", "{A98FBAC0-D63B-1716-D7D5-8DD45E2261D5}"
EndProject
Global
	GlobalSection(SolutionConfigurationPlatforms) = preSolution
		Debug|Any CPU = Debug|Any CPU
		Release|Any CPU = Release|Any CPU
	EndGlobalSection
	GlobalSection(ProjectConfigurationPlatforms) = postSolution
		{6437AC67-B546-16C0-C336-6FC9E986A379}.Debug|Any CPU.ActiveCfg = Debug|Any CPU
		{6437AC67-B546-16C0-C336-6FC9E986A379}.Debug|Any CPU.Build.0 = Debug|Any CPU
		{6437AC67-B546-16C0-C336-6FC9E986A379}.Release|Any CPU.ActiveCfg = Release|Any CPU
		{6437AC67-B546-16C0-C336-6FC9E986A379}.Release|Any CPU.Build.0 = Release|Any CPU
		{452AA06A-2273-B686-64F5-16A19FB85B00}.Debug|Any CPU.ActiveCfg = Debug|Any CPU
		{452AA06A-2273-B686-64F5-16A19FB85B00}.Debug|Any CPU.Build.0 = Debug|Any CPU
		{452AA06A-2273-B686-64F5-16A19FB85B00}.Release|Any CPU.ActiveCfg = Release|Any CPU
		{452AA06A-2273-B686-64F5-16A19FB85B00}.Release|Any CPU.Build.0 = Release|Any CPU
		{A98FBAC0-D63B-1716-D7D5-8DD45E2261D5}.Debug|Any CPU.ActiveCfg = Debug|Any CPU
		{A98FBAC0-D63B-1716-D7D5-8DD45E2261D5}.Debug|Any CPU.Build.0 = Debug|Any CPU
		{A98FBAC0-D63B-1716-D7D5-8DD45E2261D5}.Release|Any CPU.ActiveCfg = Release|Any CPU
		{A98FBAC0-D63B-1716-D7D5-8DD45E2261D5}.Release|Any CPU.Build.0 = Release|Any CPU
	EndGlobalSection
	GlobalSection(SolutionProperties) = preSolution
		HideSolutionNode = FALSE
	EndGlobalSection
EndGlobal
